// !$*UTF8*$!
{
	archiveVersion = 1;
	classes = {
	};
	objectVersion = 56;
	objects = {

/* Begin PBXBuildFile section */
		A89503E82AE9727F003B701D /* SeanallenweatherappApp.swift in Sources */ = {isa = PBXBuildFile; fileRef = A89503E72AE9727F003B701D /* SeanallenweatherappApp.swift */; };
		A89503EA2AE9727F003B701D /* ContentView.swift in Sources */ = {isa = PBXBuildFile; fileRef = A89503E92AE9727F003B701D /* ContentView.swift */; };
		A89503EC2AE97281003B701D /* Assets.xcassets in Resources */ = {isa = PBXBuildFile; fileRef = A89503EB2AE97281003B701D /* Assets.xcassets */; };
		A89503EF2AE97281003B701D /* Preview Assets.xcassets in Resources */ = {isa = PBXBuildFile; fileRef = A89503EE2AE97281003B701D /* Preview Assets.xcassets */; };
		A89503F92AE97282003B701D /* SeanallenweatherappTests.swift in Sources */ = {isa = PBXBuildFile; fileRef = A89503F82AE97282003B701D /* SeanallenweatherappTests.swift */; };
		A89504032AE97282003B701D /* SeanallenweatherappUITests.swift in Sources */ = {isa = PBXBuildFile; fileRef = A89504022AE97282003B701D /* SeanallenweatherappUITests.swift */; };
		A89504052AE97282003B701D /* SeanallenweatherappUITestsLaunchTests.swift in Sources */ = {isa = PBXBuildFile; fileRef = A89504042AE97282003B701D /* SeanallenweatherappUITestsLaunchTests.swift */; };
/* End PBXBuildFile section */

/* Begin PBXContainerItemProxy section */
		A89503F52AE97282003B701D /* PBXContainerItemProxy */ = {
			isa = PBXContainerItemProxy;
			containerPortal = A89503DC2AE9727F003B701D /* Project object */;
			proxyType = 1;
			remoteGlobalIDString = A89503E32AE9727F003B701D;
			remoteInfo = Seanallenweatherapp;
		};
		A89503FF2AE97282003B701D /* PBXContainerItemProxy */ = {
			isa = PBXContainerItemProxy;
			containerPortal = A89503DC2AE9727F003B701D /* Project object */;
			proxyType = 1;
			remoteGlobalIDString = A89503E32AE9727F003B701D;
			remoteInfo = Seanallenweatherapp;
		};
/* End PBXContainerItemProxy section */

/* Begin PBXFileReference section */
		A89503E42AE9727F003B701D /* Seanallenweatherapp.app */ = {isa = PBXFileReference; explicitFileType = wrapper.application; includeInIndex = 0; path = Seanallenweatherapp.app; sourceTree = BUILT_PRODUCTS_DIR; };
		A89503E72AE9727F003B701D /* SeanallenweatherappApp.swift */ = {isa = PBXFileReference; lastKnownFileType = sourcecode.swift; path = SeanallenweatherappApp.swift; sourceTree = "<group>"; };
		A89503E92AE9727F003B701D /* ContentView.swift */ = {isa = PBXFileReference; lastKnownFileType = sourcecode.swift; path = ContentView.swift; sourceTree = "<group>"; };
		A89503EB2AE97281003B701D /* Assets.xcassets */ = {isa = PBXFileReference; lastKnownFileType = folder.assetcatalog; path = Assets.xcassets; sourceTree = "<group>"; };
		A89503EE2AE97281003B701D /* Preview Assets.xcassets */ = {isa = PBXFileReference; lastKnownFileType = folder.assetcatalog; path = "Preview Assets.xcassets"; sourceTree = "<group>"; };
		A89503F42AE97282003B701D /* SeanallenweatherappTests.xctest */ = {isa = PBXFileReference; explicitFileType = wrapper.cfbundle; includeInIndex = 0; path = SeanallenweatherappTests.xctest; sourceTree = BUILT_PRODUCTS_DIR; };
		A89503F82AE97282003B701D /* SeanallenweatherappTests.swift */ = {isa = PBXFileReference; lastKnownFileType = sourcecode.swift; path = SeanallenweatherappTests.swift; sourceTree = "<group>"; };
		A89503FE2AE97282003B701D /* SeanallenweatherappUITests.xctest */ = {isa = PBXFileReference; explicitFileType = wrapper.cfbundle; includeInIndex = 0; path = SeanallenweatherappUITests.xctest; sourceTree = BUILT_PRODUCTS_DIR; };
		A89504022AE97282003B701D /* SeanallenweatherappUITests.swift */ = {isa = PBXFileReference; lastKnownFileType = sourcecode.swift; path = SeanallenweatherappUITests.swift; sourceTree = "<group>"; };
		A89504042AE97282003B701D /* SeanallenweatherappUITestsLaunchTests.swift */ = {isa = PBXFileReference; lastKnownFileType = sourcecode.swift; path = SeanallenweatherappUITestsLaunchTests.swift; sourceTree = "<group>"; };
/* End PBXFileReference section */

/* Begin PBXFrameworksBuildPhase section */
		A89503E12AE9727F003B701D /* Frameworks */ = {
			isa = PBXFrameworksBuildPhase;
			buildActionMask = 2147483647;
			files = (
			);
			runOnlyForDeploymentPostprocessing = 0;
		};
		A89503F12AE97282003B701D /* Frameworks */ = {
			isa = PBXFrameworksBuildPhase;
			buildActionMask = 2147483647;
			files = (
			);
			runOnlyForDeploymentPostprocessing = 0;
		};
		A89503FB2AE97282003B701D /* Frameworks */ = {
			isa = PBXFrameworksBuildPhase;
			buildActionMask = 2147483647;
			files = (
			);
			runOnlyForDeploymentPostprocessing = 0;
		};
/* End PBXFrameworksBuildPhase section */

/* Begin PBXGroup section */
		A89503DB2AE9727F003B701D = {
			isa = PBXGroup;
			children = (
				A89503E62AE9727F003B701D /* Seanallenweatherapp */,
				A89503F72AE97282003B701D /* SeanallenweatherappTests */,
				A89504012AE97282003B701D /* SeanallenweatherappUITests */,
				A89503E52AE9727F003B701D /* Products */,
			);
			sourceTree = "<group>";
		};
		A89503E52AE9727F003B701D /* Products */ = {
			isa = PBXGroup;
			children = (
				A89503E42AE9727F003B701D /* Seanallenweatherapp.app */,
				A89503F42AE97282003B701D /* SeanallenweatherappTests.xctest */,
				A89503FE2AE97282003B701D /* SeanallenweatherappUITests.xctest */,
			);
			name = Products;
			sourceTree = "<group>";
		};
		A89503E62AE9727F003B701D /* Seanallenweatherapp */ = {
			isa = PBXGroup;
			children = (
				A89503E72AE9727F003B701D /* SeanallenweatherappApp.swift */,
				A89503E92AE9727F003B701D /* ContentView.swift */,
				A89503EB2AE97281003B701D /* Assets.xcassets */,
				A89503ED2AE97281003B701D /* Preview Content */,
			);
			path = Seanallenweatherapp;
			sourceTree = "<group>";
		};
		A89503ED2AE97281003B701D /* Preview Content */ = {
			isa = PBXGroup;
			children = (
				A89503EE2AE97281003B701D /* Preview Assets.xcassets */,
			);
			path = "Preview Content";
			sourceTree = "<group>";
		};
		A89503F72AE97282003B701D /* SeanallenweatherappTests */ = {
			isa = PBXGroup;
			children = (
				A89503F82AE97282003B701D /* SeanallenweatherappTests.swift */,
			);
			path = SeanallenweatherappTests;
			sourceTree = "<group>";
		};
		A89504012AE97282003B701D /* SeanallenweatherappUITests */ = {
			isa = PBXGroup;
			children = (
				A89504022AE97282003B701D /* SeanallenweatherappUITests.swift */,
				A89504042AE97282003B701D /* SeanallenweatherappUITestsLaunchTests.swift */,
			);
			path = SeanallenweatherappUITests;
			sourceTree = "<group>";
		};
/* End PBXGroup section */

/* Begin PBXNativeTarget section */
		A89503E32AE9727F003B701D /* Seanallenweatherapp */ = {
			isa = PBXNativeTarget;
			buildConfigurationList = A89504082AE97282003B701D /* Build configuration list for PBXNativeTarget "Seanallenweatherapp" */;
			buildPhases = (
				A89503E02AE9727F003B701D /* Sources */,
				A89503E12AE9727F003B701D /* Frameworks */,
				A89503E22AE9727F003B701D /* Resources */,
			);
			buildRules = (
			);
			dependencies = (
			);
			name = Seanallenweatherapp;
			productName = Seanallenweatherapp;
			productReference = A89503E42AE9727F003B701D /* Seanallenweatherapp.app */;
			productType = "com.apple.product-type.application";
		};
		A89503F32AE97282003B701D /* SeanallenweatherappTests */ = {
			isa = PBXNativeTarget;
			buildConfigurationList = A895040B2AE97282003B701D /* Build configuration list for PBXNativeTarget "SeanallenweatherappTests" */;
			buildPhases = (
				A89503F02AE97282003B701D /* Sources */,
				A89503F12AE97282003B701D /* Frameworks */,
				A89503F22AE97282003B701D /* Resources */,
			);
			buildRules = (
			);
			dependencies = (
				A89503F62AE97282003B701D /* PBXTargetDependency */,
			);
			name = SeanallenweatherappTests;
			productName = SeanallenweatherappTests;
			productReference = A89503F42AE97282003B701D /* SeanallenweatherappTests.xctest */;
			productType = "com.apple.product-type.bundle.unit-test";
		};
		A89503FD2AE97282003B701D /* SeanallenweatherappUITests */ = {
			isa = PBXNativeTarget;
			buildConfigurationList = A895040E2AE97282003B701D /* Build configuration list for PBXNativeTarget "SeanallenweatherappUITests" */;
			buildPhases = (
				A89503FA2AE97282003B701D /* Sources */,
				A89503FB2AE97282003B701D /* Frameworks */,
				A89503FC2AE97282003B701D /* Resources */,
			);
			buildRules = (
			);
			dependencies = (
				A89504002AE97282003B701D /* PBXTargetDependency */,
			);
			name = SeanallenweatherappUITests;
			productName = SeanallenweatherappUITests;
			productReference = A89503FE2AE97282003B701D /* SeanallenweatherappUITests.xctest */;
			productType = "com.apple.product-type.bundle.ui-testing";
		};
/* End PBXNativeTarget section */

/* Begin PBXProject section */
		A89503DC2AE9727F003B701D /* Project object */ = {
			isa = PBXProject;
			attributes = {
				BuildIndependentTargetsInParallel = 1;
				LastSwiftUpdateCheck = 1420;
				LastUpgradeCheck = 1420;
				TargetAttributes = {
					A89503E32AE9727F003B701D = {
						CreatedOnToolsVersion = 14.2;
					};
					A89503F32AE97282003B701D = {
						CreatedOnToolsVersion = 14.2;
						TestTargetID = A89503E32AE9727F003B701D;
					};
					A89503FD2AE97282003B701D = {
						CreatedOnToolsVersion = 14.2;
						TestTargetID = A89503E32AE9727F003B701D;
					};
				};
			};
			buildConfigurationList = A89503DF2AE9727F003B701D /* Build configuration list for PBXProject "Seanallenweatherapp" */;
			compatibilityVersion = "Xcode 14.0";
			developmentRegion = en;
			hasScannedForEncodings = 0;
			knownRegions = (
				en,
				Base,
			);
			mainGroup = A89503DB2AE9727F003B701D;
			productRefGroup = A89503E52AE9727F003B701D /* Products */;
			projectDirPath = "";
			projectRoot = "";
			targets = (
				A89503E32AE9727F003B701D /* Seanallenweatherapp */,
				A89503F32AE97282003B701D /* SeanallenweatherappTests */,
				A89503FD2AE97282003B701D /* SeanallenweatherappUITests */,
			);
		};
/* End PBXProject section */

/* Begin PBXResourcesBuildPhase section */
		A89503E22AE9727F003B701D /* Resources */ = {
			isa = PBXResourcesBuildPhase;
			buildActionMask = 2147483647;
			files = (
				A89503EF2AE97281003B701D /* Preview Assets.xcassets in Resources */,
				A89503EC2AE97281003B701D /* Assets.xcassets in Resources */,
			);
			runOnlyForDeploymentPostprocessing = 0;
		};
		A89503F22AE97282003B701D /* Resources */ = {
			isa = PBXResourcesBuildPhase;
			buildActionMask = 2147483647;
			files = (
			);
			runOnlyForDeploymentPostprocessing = 0;
		};
		A89503FC2AE97282003B701D /* Resources */ = {
			isa = PBXResourcesBuildPhase;
			buildActionMask = 2147483647;
			files = (
			);
			runOnlyForDeploymentPostprocessing = 0;
		};
/* End PBXResourcesBuildPhase section */

/* Begin PBXSourcesBuildPhase section */
		A89503E02AE9727F003B701D /* Sources */ = {
			isa = PBXSourcesBuildPhase;
			buildActionMask = 2147483647;
			files = (
				A89503EA2AE9727F003B701D /* ContentView.swift in Sources */,
				A89503E82AE9727F003B701D /* SeanallenweatherappApp.swift in Sources */,
			);
			runOnlyForDeploymentPostprocessing = 0;
		};
		A89503F02AE97282003B701D /* Sources */ = {
			isa = PBXSourcesBuildPhase;
			buildActionMask = 2147483647;
			files = (
				A89503F92AE97282003B701D /* SeanallenweatherappTests.swift in Sources */,
			);
			runOnlyForDeploymentPostprocessing = 0;
		};
		A89503FA2AE97282003B701D /* Sources */ = {
			isa = PBXSourcesBuildPhase;
			buildActionMask = 2147483647;
			files = (
				A89504032AE97282003B701D /* SeanallenweatherappUITests.swift in Sources */,
				A89504052AE97282003B701D /* SeanallenweatherappUITestsLaunchTests.swift in Sources */,
			);
			runOnlyForDeploymentPostprocessing = 0;
		};
/* End PBXSourcesBuildPhase section */

/* Begin PBXTargetDependency section */
		A89503F62AE97282003B701D /* PBXTargetDependency */ = {
			isa = PBXTargetDependency;
			target = A89503E32AE9727F003B701D /* Seanallenweatherapp */;
			targetProxy = A89503F52AE97282003B701D /* PBXContainerItemProxy */;
		};
		A89504002AE97282003B701D /* PBXTargetDependency */ = {
			isa = PBXTargetDependency;
			target = A89503E32AE9727F003B701D /* Seanallenweatherapp */;
			targetProxy = A89503FF2AE97282003B701D /* PBXContainerItemProxy */;
		};
/* End PBXTargetDependency section */

/* Begin XCBuildConfiguration section */
		A89504062AE97282003B701D /* Debug */ = {
			isa = XCBuildConfiguration;
			buildSettings = {
				ALWAYS_SEARCH_USER_PATHS = NO;
				CLANG_ANALYZER_NONNULL = YES;
				CLANG_ANALYZER_NUMBER_OBJECT_CONVERSION = YES_AGGRESSIVE;
				CLANG_CXX_LANGUAGE_STANDARD = "gnu++20";
				CLANG_ENABLE_MODULES = YES;
				CLANG_ENABLE_OBJC_ARC = YES;
				CLANG_ENABLE_OBJC_WEAK = YES;
				CLANG_WARN_BLOCK_CAPTURE_AUTORELEASING = YES;
				CLANG_WARN_BOOL_CONVERSION = YES;
				CLANG_WARN_COMMA = YES;
				CLANG_WARN_CONSTANT_CONVERSION = YES;
				CLANG_WARN_DEPRECATED_OBJC_IMPLEMENTATIONS = YES;
				CLANG_WARN_DIRECT_OBJC_ISA_USAGE = YES_ERROR;
				CLANG_WARN_DOCUMENTATION_COMMENTS = YES;
				CLANG_WARN_EMPTY_BODY = YES;
				CLANG_WARN_ENUM_CONVERSION = YES;
				CLANG_WARN_INFINITE_RECURSION = YES;
				CLANG_WARN_INT_CONVERSION = YES;
				CLANG_WARN_NON_LITERAL_NULL_CONVERSION = YES;
				CLANG_WARN_OBJC_IMPLICIT_RETAIN_SELF = YES;
				CLANG_WARN_OBJC_LITERAL_CONVERSION = YES;
				CLANG_WARN_OBJC_ROOT_CLASS = YES_ERROR;
				CLANG_WARN_QUOTED_INCLUDE_IN_FRAMEWORK_HEADER = YES;
				CLANG_WARN_RANGE_LOOP_ANALYSIS = YES;
				CLANG_WARN_STRICT_PROTOTYPES = YES;
				CLANG_WARN_SUSPICIOUS_MOVE = YES;
				CLANG_WARN_UNGUARDED_AVAILABILITY = YES_AGGRESSIVE;
				CLANG_WARN_UNREACHABLE_CODE = YES;
				CLANG_WARN__DUPLICATE_METHOD_MATCH = YES;
				COPY_PHASE_STRIP = NO;
				DEBUG_INFORMATION_FORMAT = dwarf;
				ENABLE_STRICT_OBJC_MSGSEND = YES;
				ENABLE_TESTABILITY = YES;
				GCC_C_LANGUAGE_STANDARD = gnu11;
				GCC_DYNAMIC_NO_PIC = NO;
				GCC_NO_COMMON_BLOCKS = YES;
				GCC_OPTIMIZATION_LEVEL = 0;
				GCC_PREPROCESSOR_DEFINITIONS = (
					"DEBUG=1",
					"$(inherited)",
				);
				GCC_WARN_64_TO_32_BIT_CONVERSION = YES;
				GCC_WARN_ABOUT_RETURN_TYPE = YES_ERROR;
				GCC_WARN_UNDECLARED_SELECTOR = YES;
				GCC_WARN_UNINITIALIZED_AUTOS = YES_AGGRESSIVE;
				GCC_WARN_UNUSED_FUNCTION = YES;
				GCC_WARN_UNUSED_VARIABLE = YES;
				IPHONEOS_DEPLOYMENT_TARGET = 16.2;
				MTL_ENABLE_DEBUG_INFO = INCLUDE_SOURCE;
				MTL_FAST_MATH = YES;
				ONLY_ACTIVE_ARCH = YES;
				SDKROOT = iphoneos;
				SWIFT_ACTIVE_COMPILATION_CONDITIONS = DEBUG;
				SWIFT_OPTIMIZATION_LEVEL = "-Onone";
			};
			name = Debug;
		};
		A89504072AE97282003B701D /* Release */ = {
			isa = XCBuildConfiguration;
			buildSettings = {
				ALWAYS_SEARCH_USER_PATHS = NO;
				CLANG_ANALYZER_NONNULL = YES;
				CLANG_ANALYZER_NUMBER_OBJECT_CONVERSION = YES_AGGRESSIVE;
				CLANG_CXX_LANGUAGE_STANDARD = "gnu++20";
				CLANG_ENABLE_MODULES = YES;
				CLANG_ENABLE_OBJC_ARC = YES;
				CLANG_ENABLE_OBJC_WEAK = YES;
				CLANG_WARN_BLOCK_CAPTURE_AUTORELEASING = YES;
				CLANG_WARN_BOOL_CONVERSION = YES;
				CLANG_WARN_COMMA = YES;
				CLANG_WARN_CONSTANT_CONVERSION = YES;
				CLANG_WARN_DEPRECATED_OBJC_IMPLEMENTATIONS = YES;
				CLANG_WARN_DIRECT_OBJC_ISA_USAGE = YES_ERROR;
				CLANG_WARN_DOCUMENTATION_COMMENTS = YES;
				CLANG_WARN_EMPTY_BODY = YES;
				CLANG_WARN_ENUM_CONVERSION = YES;
				CLANG_WARN_INFINITE_RECURSION = YES;
				CLANG_WARN_INT_CONVERSION = YES;
				CLANG_WARN_NON_LITERAL_NULL_CONVERSION = YES;
				CLANG_WARN_OBJC_IMPLICIT_RETAIN_SELF = YES;
				CLANG_WARN_OBJC_LITERAL_CONVERSION = YES;
				CLANG_WARN_OBJC_ROOT_CLASS = YES_ERROR;
				CLANG_WARN_QUOTED_INCLUDE_IN_FRAMEWORK_HEADER = YES;
				CLANG_WARN_RANGE_LOOP_ANALYSIS = YES;
				CLANG_WARN_STRICT_PROTOTYPES = YES;
				CLANG_WARN_SUSPICIOUS_MOVE = YES;
				CLANG_WARN_UNGUARDED_AVAILABILITY = YES_AGGRESSIVE;
				CLANG_WARN_UNREACHABLE_CODE = YES;
				CLANG_WARN__DUPLICATE_METHOD_MATCH = YES;
				COPY_PHASE_STRIP = NO;
				DEBUG_INFORMATION_FORMAT = "dwarf-with-dsym";
				ENABLE_NS_ASSERTIONS = NO;
				ENABLE_STRICT_OBJC_MSGSEND = YES;
				GCC_C_LANGUAGE_STANDARD = gnu11;
				GCC_NO_COMMON_BLOCKS = YES;
				GCC_WARN_64_TO_32_BIT_CONVERSION = YES;
				GCC_WARN_ABOUT_RETURN_TYPE = YES_ERROR;
				GCC_WARN_UNDECLARED_SELECTOR = YES;
				GCC_WARN_UNINITIALIZED_AUTOS = YES_AGGRESSIVE;
				GCC_WARN_UNUSED_FUNCTION = YES;
				GCC_WARN_UNUSED_VARIABLE = YES;
				IPHONEOS_DEPLOYMENT_TARGET = 16.2;
				MTL_ENABLE_DEBUG_INFO = NO;
				MTL_FAST_MATH = YES;
				SDKROOT = iphoneos;
				SWIFT_COMPILATION_MODE = wholemodule;
				SWIFT_OPTIMIZATION_LEVEL = "-O";
				VALIDATE_PRODUCT = YES;
			};
			name = Release;
		};
		A89504092AE97282003B701D /* Debug */ = {
			isa = XCBuildConfiguration;
			buildSettings = {
				ASSETCATALOG_COMPILER_APPICON_NAME = AppIcon;
				ASSETCATALOG_COMPILER_GLOBAL_ACCENT_COLOR_NAME = AccentColor;
				CODE_SIGN_STYLE = Automatic;
				CURRENT_PROJECT_VERSION = 1;
				DEVELOPMENT_ASSET_PATHS = "\"Seanallenweatherapp/Preview Content\"";
				DEVELOPMENT_TEAM = HX4H795BBS;
				ENABLE_PREVIEWS = YES;
				GENERATE_INFOPLIST_FILE = YES;
				INFOPLIST_KEY_UIApplicationSceneManifest_Generation = YES;
				INFOPLIST_KEY_UIApplicationSupportsIndirectInputEvents = YES;
				INFOPLIST_KEY_UILaunchScreen_Generation = YES;
				INFOPLIST_KEY_UISupportedInterfaceOrientations_iPad = "UIInterfaceOrientationPortrait UIInterfaceOrientationPortraitUpsideDown UIInterfaceOrientationLandscapeLeft UIInterfaceOrientationLandscapeRight";
				INFOPLIST_KEY_UISupportedInterfaceOrientations_iPhone = "UIInterfaceOrientationPortrait UIInterfaceOrientationLandscapeLeft UIInterfaceOrientationLandscapeRight";
				LD_RUNPATH_SEARCH_PATHS = (
					"$(inherited)",
					"@executable_path/Frameworks",
				);
				MARKETING_VERSION = 1.0;
				PRODUCT_BUNDLE_IDENTIFIER = ALG.Seanallenweatherapp;
				PRODUCT_NAME = "$(TARGET_NAME)";
				SWIFT_EMIT_LOC_STRINGS = YES;
				SWIFT_VERSION = 5.0;
				TARGETED_DEVICE_FAMILY = "1,2";
			};
			name = Debug;
		};
		A895040A2AE97282003B701D /* Release */ = {
			isa = XCBuildConfiguration;
			buildSettings = {
				ASSETCATALOG_COMPILER_APPICON_NAME = AppIcon;
				ASSETCATALOG_COMPILER_GLOBAL_ACCENT_COLOR_NAME = AccentColor;
				CODE_SIGN_STYLE = Automatic;
				CURRENT_PROJECT_VERSION = 1;
				DEVELOPMENT_ASSET_PATHS = "\"Seanallenweatherapp/Preview Content\"";
				DEVELOPMENT_TEAM = HX4H795BBS;
				ENABLE_PREVIEWS = YES;
				GENERATE_INFOPLIST_FILE = YES;
				INFOPLIST_KEY_UIApplicationSceneManifest_Generation = YES;
				INFOPLIST_KEY_UIApplicationSupportsIndirectInputEvents = YES;
				INFOPLIST_KEY_UILaunchScreen_Generation = YES;
				INFOPLIST_KEY_UISupportedInterfaceOrientations_iPad = "UIInterfaceOrientationPortrait UIInterfaceOrientationPortraitUpsideDown UIInterfaceOrientationLandscapeLeft UIInterfaceOrientationLandscapeRight";
				INFOPLIST_KEY_UISupportedInterfaceOrientations_iPhone = "UIInterfaceOrientationPortrait UIInterfaceOrientationLandscapeLeft UIInterfaceOrientationLandscapeRight";
				LD_RUNPATH_SEARCH_PATHS = (
					"$(inherited)",
					"@executable_path/Frameworks",
				);
				MARKETING_VERSION = 1.0;
				PRODUCT_BUNDLE_IDENTIFIER = ALG.Seanallenweatherapp;
				PRODUCT_NAME = "$(TARGET_NAME)";
				SWIFT_EMIT_LOC_STRINGS = YES;
				SWIFT_VERSION = 5.0;
				TARGETED_DEVICE_FAMILY = "1,2";
			};
			name = Release;
		};
		A895040C2AE97282003B701D /* Debug */ = {
			isa = XCBuildConfiguration;
			buildSettings = {
				ALWAYS_EMBED_SWIFT_STANDARD_LIBRARIES = YES;
				BUNDLE_LOADER = "$(TEST_HOST)";
				CODE_SIGN_STYLE = Automatic;
				CURRENT_PROJECT_VERSION = 1;
				DEVELOPMENT_TEAM = HX4H795BBS;
				GENERATE_INFOPLIST_FILE = YES;
				IPHONEOS_DEPLOYMENT_TARGET = 16.2;
				MARKETING_VERSION = 1.0;
				PRODUCT_BUNDLE_IDENTIFIER = ALG.SeanallenweatherappTests;
				PRODUCT_NAME = "$(TARGET_NAME)";
				SWIFT_EMIT_LOC_STRINGS = NO;
				SWIFT_VERSION = 5.0;
				TARGETED_DEVICE_FAMILY = "1,2";
				TEST_HOST = "$(BUILT_PRODUCTS_DIR)/Seanallenweatherapp.app/$(BUNDLE_EXECUTABLE_FOLDER_PATH)/Seanallenweatherapp";
			};
			name = Debug;
		};
		A895040D2AE97282003B701D /* Release */ = {
			isa = XCBuildConfiguration;
			buildSettings = {
				ALWAYS_EMBED_SWIFT_STANDARD_LIBRARIES = YES;
				BUNDLE_LOADER = "$(TEST_HOST)";
				CODE_SIGN_STYLE = Automatic;
				CURRENT_PROJECT_VERSION = 1;
				DEVELOPMENT_TEAM = HX4H795BBS;
				GENERATE_INFOPLIST_FILE = YES;
				IPHONEOS_DEPLOYMENT_TARGET = 16.2;
				MARKETING_VERSION = 1.0;
				PRODUCT_BUNDLE_IDENTIFIER = ALG.SeanallenweatherappTests;
				PRODUCT_NAME = "$(TARGET_NAME)";
				SWIFT_EMIT_LOC_STRINGS = NO;
				SWIFT_VERSION = 5.0;
				TARGETED_DEVICE_FAMILY = "1,2";
				TEST_HOST = "$(BUILT_PRODUCTS_DIR)/Seanallenweatherapp.app/$(BUNDLE_EXECUTABLE_FOLDER_PATH)/Seanallenweatherapp";
			};
			name = Release;
		};
		A895040F2AE97282003B701D /* Debug */ = {
			isa = XCBuildConfiguration;
			buildSettings = {
				ALWAYS_EMBED_SWIFT_STANDARD_LIBRARIES = YES;
				CODE_SIGN_STYLE = Automatic;
				CURRENT_PROJECT_VERSION = 1;
				DEVELOPMENT_TEAM = HX4H795BBS;
				GENERATE_INFOPLIST_FILE = YES;
				MARKETING_VERSION = 1.0;
				PRODUCT_BUNDLE_IDENTIFIER = ALG.SeanallenweatherappUITests;
				PRODUCT_NAME = "$(TARGET_NAME)";
				SWIFT_EMIT_LOC_STRINGS = NO;
				SWIFT_VERSION = 5.0;
				TARGETED_DEVICE_FAMILY = "1,2";
				TEST_TARGET_NAME = Seanallenweatherapp;
			};
			name = Debug;
		};
		A89504102AE97282003B701D /* Release */ = {
			isa = XCBuildConfiguration;
			buildSettings = {
				ALWAYS_EMBED_SWIFT_STANDARD_LIBRARIES = YES;
				CODE_SIGN_STYLE = Automatic;
				CURRENT_PROJECT_VERSION = 1;
				DEVELOPMENT_TEAM = HX4H795BBS;
				GENERATE_INFOPLIST_FILE = YES;
				MARKETING_VERSION = 1.0;
				PRODUCT_BUNDLE_IDENTIFIER = ALG.SeanallenweatherappUITests;
				PRODUCT_NAME = "$(TARGET_NAME)";
				SWIFT_EMIT_LOC_STRINGS = NO;
				SWIFT_VERSION = 5.0;
				TARGETED_DEVICE_FAMILY = "1,2";
				TEST_TARGET_NAME = Seanallenweatherapp;
			};
			name = Release;
		};
/* End XCBuildConfiguration section */

/* Begin XCConfigurationList section */
		A89503DF2AE9727F003B701D /* Build configuration list for PBXProject "Seanallenweatherapp" */ = {
			isa = XCConfigurationList;
			buildConfigurations = (
				A89504062AE97282003B701D /* Debug */,
				A89504072AE97282003B701D /* Release */,
			);
			defaultConfigurationIsVisible = 0;
			defaultConfigurationName = Release;
		};
		A89504082AE97282003B701D /* Build configuration list for PBXNativeTarget "Seanallenweatherapp" */ = {
			isa = XCConfigurationList;
			buildConfigurations = (
				A89504092AE97282003B701D /* Debug */,
				A895040A2AE97282003B701D /* Release */,
			);
			defaultConfigurationIsVisible = 0;
			defaultConfigurationName = Release;
		};
		A895040B2AE97282003B701D /* Build configuration list for PBXNativeTarget "SeanallenweatherappTests" */ = {
			isa = XCConfigurationList;
			buildConfigurations = (
				A895040C2AE97282003B701D /* Debug */,
				A895040D2AE97282003B701D /* Release */,
			);
			defaultConfigurationIsVisible = 0;
			defaultConfigurationName = Release;
		};
		A895040E2AE97282003B701D /* Build configuration list for PBXNativeTarget "SeanallenweatherappUITests" */ = {
			isa = XCConfigurationList;
			buildConfigurations = (
				A895040F2AE97282003B701D /* Debug */,
				A89504102AE97282003B701D /* Release */,
			);
			defaultConfigurationIsVisible = 0;
			defaultConfigurationName = Release;
		};
/* End XCConfigurationList section */
	};
	rootObject = A89503DC2AE9727F003B701D /* Project object */;
}
